
Microsoft Visual Studio Solution File, Format Version 12.00
# Visual Studio 15
VisualStudioVersion = 15.0.26124.0
MinimumVisualStudioVersion = 15.0.26124.0
Project("{FAE04EC0-301F-11D3-BF4B-00C04F79EFBC}") = "MicroBank.Domain.Core", "MicroBank.Domain.Core\MicroBank.Domain.Core.csproj", "{15C9083A-11BB-41C1-A7D9-DB9DF40C8077}"
EndProject
Project("{FAE04EC0-301F-11D3-BF4B-00C04F79EFBC}") = "Infra.Bus", "Infra.Bus\Infra.Bus.csproj", "{B5374AD7-8A31-407C-BB13-54A471983764}"
EndProject
Project("{FAE04EC0-301F-11D3-BF4B-00C04F79EFBC}") = "Infra.IoC", "Infra.IoC\Infra.IoC.csproj", "{A27E49AE-0CC7-4F2C-B679-71B9CB03F8C5}"
EndProject
Project("{2150E333-8FDC-42A3-9474-1A3956D46DE8}") = "Microservices", "Microservices", "{F079FF39-5426-44C0-BBAF-8BBF44305069}"
EndProject
Project("{2150E333-8FDC-42A3-9474-1A3956D46DE8}") = "Banking", "Banking", "{A6916C53-8390-4296-89FE-D48BE0F99B17}"
EndProject
Project("{2150E333-8FDC-42A3-9474-1A3956D46DE8}") = "Api", "Api", "{C723CCBB-2D06-43A0-861D-C197A4042DBE}"
EndProject
Project("{FAE04EC0-301F-11D3-BF4B-00C04F79EFBC}") = "MicroRabbit.Banking.Api", "Microservices\Banking\Api\MicroRabbit.Banking.Api\MicroRabbit.Banking.Api.csproj", "{FFB8028C-A8BA-48C6-95C8-D1C06660326E}"
EndProject
Project("{2150E333-8FDC-42A3-9474-1A3956D46DE8}") = "Application", "Application", "{06BBF2E9-A279-4010-A8EF-9C2C0092ABF8}"
EndProject
Project("{FAE04EC0-301F-11D3-BF4B-00C04F79EFBC}") = "MicroRabbit.Banking.Application", "Microservices\Banking\Application\MicroRabbit.Banking.Application\MicroRabbit.Banking.Application.csproj", "{02AA9312-127E-4575-979C-26C656A89B63}"
EndProject
Project("{2150E333-8FDC-42A3-9474-1A3956D46DE8}") = "Data", "Data", "{70D42B38-E55A-4F38-88D1-7ADE49541BC3}"
EndProject
Project("{FAE04EC0-301F-11D3-BF4B-00C04F79EFBC}") = "MicroRabbit.Banking.Data", "Microservices\Banking\Data\MicroRabbit.Banking.Data\MicroRabbit.Banking.Data.csproj", "{D1982029-4DFB-459B-B5D2-F6AD5B308848}"
EndProject
Project("{2150E333-8FDC-42A3-9474-1A3956D46DE8}") = "Domain", "Domain", "{65A316AD-0A82-48D1-87E6-E102547DE460}"
EndProject
Project("{FAE04EC0-301F-11D3-BF4B-00C04F79EFBC}") = "MicroRabbit.Banking.Domain", "Microservices\Banking\Domain\MicroRabbit.Banking.Domain\MicroRabbit.Banking.Domain.csproj", "{97C444E5-7E38-4A02-99B0-8A494A3C9AE6}"
EndProject
Project("{2150E333-8FDC-42A3-9474-1A3956D46DE8}") = "Transfer", "Transfer", "{11154177-8A16-4A9E-A584-DBA1ED31BB2E}"
EndProject
Project("{2150E333-8FDC-42A3-9474-1A3956D46DE8}") = "Api", "Api", "{4054B237-129C-475F-AD6E-4D096D7BEEA9}"
EndProject
Project("{FAE04EC0-301F-11D3-BF4B-00C04F79EFBC}") = "MicroRabbit.Transfer.Api", "Microservices\Transfer\Api\MicroRabbit.Transfer.Api\MicroRabbit.Transfer.Api.csproj", "{FCD69270-3FA3-4963-A019-812D185717DA}"
EndProject
Project("{2150E333-8FDC-42A3-9474-1A3956D46DE8}") = "Application", "Application", "{A5178B2D-59F3-4E97-A07B-933F32483578}"
EndProject
Project("{FAE04EC0-301F-11D3-BF4B-00C04F79EFBC}") = "MicroRabbit.Transfer.Application", "Microservices\Transfer\Application\MicroRabbit.Transfer.Application\MicroRabbit.Transfer.Application.csproj", "{71ED0FBF-838E-4E52-B72C-2929E28B5E25}"
EndProject
Project("{2150E333-8FDC-42A3-9474-1A3956D46DE8}") = "Data", "Data", "{F61B8D27-1600-4C31-B09E-29924FE101C1}"
EndProject
Project("{FAE04EC0-301F-11D3-BF4B-00C04F79EFBC}") = "MicroRabbit.Transfer.Data", "Microservices\Transfer\Data\MicroRabbit.Transfer.Data\MicroRabbit.Transfer.Data.csproj", "{CF3C1B22-C2EC-4759-9069-E0C776E34F16}"
EndProject
Project("{2150E333-8FDC-42A3-9474-1A3956D46DE8}") = "Domain", "Domain", "{C98069BE-6866-407E-A1B1-CE6EB9ABA346}"
EndProject
Project("{FAE04EC0-301F-11D3-BF4B-00C04F79EFBC}") = "MicroRabbit.Transfer.Domain", "Microservices\Transfer\Domain\MicroRabbit.Transfer.Domain\MicroRabbit.Transfer.Domain.csproj", "{0C71DA44-69CD-4C08-A6F0-34B960272C41}"
EndProject
Global
	GlobalSection(SolutionConfigurationPlatforms) = preSolution
		Debug|Any CPU = Debug|Any CPU
		Debug|x64 = Debug|x64
		Debug|x86 = Debug|x86
		Release|Any CPU = Release|Any CPU
		Release|x64 = Release|x64
		Release|x86 = Release|x86
	EndGlobalSection
	GlobalSection(SolutionProperties) = preSolution
		HideSolutionNode = FALSE
	EndGlobalSection
	GlobalSection(ProjectConfigurationPlatforms) = postSolution
		{15C9083A-11BB-41C1-A7D9-DB9DF40C8077}.Debug|Any CPU.ActiveCfg = Debug|Any CPU
		{15C9083A-11BB-41C1-A7D9-DB9DF40C8077}.Debug|Any CPU.Build.0 = Debug|Any CPU
		{15C9083A-11BB-41C1-A7D9-DB9DF40C8077}.Debug|x64.ActiveCfg = Debug|Any CPU
		{15C9083A-11BB-41C1-A7D9-DB9DF40C8077}.Debug|x64.Build.0 = Debug|Any CPU
		{15C9083A-11BB-41C1-A7D9-DB9DF40C8077}.Debug|x86.ActiveCfg = Debug|Any CPU
		{15C9083A-11BB-41C1-A7D9-DB9DF40C8077}.Debug|x86.Build.0 = Debug|Any CPU
		{15C9083A-11BB-41C1-A7D9-DB9DF40C8077}.Release|Any CPU.ActiveCfg = Release|Any CPU
		{15C9083A-11BB-41C1-A7D9-DB9DF40C8077}.Release|Any CPU.Build.0 = Release|Any CPU
		{15C9083A-11BB-41C1-A7D9-DB9DF40C8077}.Release|x64.ActiveCfg = Release|Any CPU
		{15C9083A-11BB-41C1-A7D9-DB9DF40C8077}.Release|x64.Build.0 = Release|Any CPU
		{15C9083A-11BB-41C1-A7D9-DB9DF40C8077}.Release|x86.ActiveCfg = Release|Any CPU
		{15C9083A-11BB-41C1-A7D9-DB9DF40C8077}.Release|x86.Build.0 = Release|Any CPU
		{B5374AD7-8A31-407C-BB13-54A471983764}.Debug|Any CPU.ActiveCfg = Debug|Any CPU
		{B5374AD7-8A31-407C-BB13-54A471983764}.Debug|Any CPU.Build.0 = Debug|Any CPU
		{B5374AD7-8A31-407C-BB13-54A471983764}.Debug|x64.ActiveCfg = Debug|Any CPU
		{B5374AD7-8A31-407C-BB13-54A471983764}.Debug|x64.Build.0 = Debug|Any CPU
		{B5374AD7-8A31-407C-BB13-54A471983764}.Debug|x86.ActiveCfg = Debug|Any CPU
		{B5374AD7-8A31-407C-BB13-54A471983764}.Debug|x86.Build.0 = Debug|Any CPU
		{B5374AD7-8A31-407C-BB13-54A471983764}.Release|Any CPU.ActiveCfg = Release|Any CPU
		{B5374AD7-8A31-407C-BB13-54A471983764}.Release|Any CPU.Build.0 = Release|Any CPU
		{B5374AD7-8A31-407C-BB13-54A471983764}.Release|x64.ActiveCfg = Release|Any CPU
		{B5374AD7-8A31-407C-BB13-54A471983764}.Release|x64.Build.0 = Release|Any CPU
		{B5374AD7-8A31-407C-BB13-54A471983764}.Release|x86.ActiveCfg = Release|Any CPU
		{B5374AD7-8A31-407C-BB13-54A471983764}.Release|x86.Build.0 = Release|Any CPU
		{A27E49AE-0CC7-4F2C-B679-71B9CB03F8C5}.Debug|Any CPU.ActiveCfg = Debug|Any CPU
		{A27E49AE-0CC7-4F2C-B679-71B9CB03F8C5}.Debug|Any CPU.Build.0 = Debug|Any CPU
		{A27E49AE-0CC7-4F2C-B679-71B9CB03F8C5}.Debug|x64.ActiveCfg = Debug|Any CPU
		{A27E49AE-0CC7-4F2C-B679-71B9CB03F8C5}.Debug|x64.Build.0 = Debug|Any CPU
		{A27E49AE-0CC7-4F2C-B679-71B9CB03F8C5}.Debug|x86.ActiveCfg = Debug|Any CPU
		{A27E49AE-0CC7-4F2C-B679-71B9CB03F8C5}.Debug|x86.Build.0 = Debug|Any CPU
		{A27E49AE-0CC7-4F2C-B679-71B9CB03F8C5}.Release|Any CPU.ActiveCfg = Release|Any CPU
		{A27E49AE-0CC7-4F2C-B679-71B9CB03F8C5}.Release|Any CPU.Build.0 = Release|Any CPU
		{A27E49AE-0CC7-4F2C-B679-71B9CB03F8C5}.Release|x64.ActiveCfg = Release|Any CPU
		{A27E49AE-0CC7-4F2C-B679-71B9CB03F8C5}.Release|x64.Build.0 = Release|Any CPU
		{A27E49AE-0CC7-4F2C-B679-71B9CB03F8C5}.Release|x86.ActiveCfg = Release|Any CPU
		{A27E49AE-0CC7-4F2C-B679-71B9CB03F8C5}.Release|x86.Build.0 = Release|Any CPU
		{FFB8028C-A8BA-48C6-95C8-D1C06660326E}.Debug|Any CPU.ActiveCfg = Debug|Any CPU
		{FFB8028C-A8BA-48C6-95C8-D1C06660326E}.Debug|Any CPU.Build.0 = Debug|Any CPU
		{FFB8028C-A8BA-48C6-95C8-D1C06660326E}.Debug|x64.ActiveCfg = Debug|Any CPU
		{FFB8028C-A8BA-48C6-95C8-D1C06660326E}.Debug|x64.Build.0 = Debug|Any CPU
		{FFB8028C-A8BA-48C6-95C8-D1C06660326E}.Debug|x86.ActiveCfg = Debug|Any CPU
		{FFB8028C-A8BA-48C6-95C8-D1C06660326E}.Debug|x86.Build.0 = Debug|Any CPU
		{FFB8028C-A8BA-48C6-95C8-D1C06660326E}.Release|Any CPU.ActiveCfg = Release|Any CPU
		{FFB8028C-A8BA-48C6-95C8-D1C06660326E}.Release|Any CPU.Build.0 = Release|Any CPU
		{FFB8028C-A8BA-48C6-95C8-D1C06660326E}.Release|x64.ActiveCfg = Release|Any CPU
		{FFB8028C-A8BA-48C6-95C8-D1C06660326E}.Release|x64.Build.0 = Release|Any CPU
		{FFB8028C-A8BA-48C6-95C8-D1C06660326E}.Release|x86.ActiveCfg = Release|Any CPU
		{FFB8028C-A8BA-48C6-95C8-D1C06660326E}.Release|x86.Build.0 = Release|Any CPU
		{02AA9312-127E-4575-979C-26C656A89B63}.Debug|Any CPU.ActiveCfg = Debug|Any CPU
		{02AA9312-127E-4575-979C-26C656A89B63}.Debug|Any CPU.Build.0 = Debug|Any CPU
		{02AA9312-127E-4575-979C-26C656A89B63}.Debug|x64.ActiveCfg = Debug|Any CPU
		{02AA9312-127E-4575-979C-26C656A89B63}.Debug|x64.Build.0 = Debug|Any CPU
		{02AA9312-127E-4575-979C-26C656A89B63}.Debug|x86.ActiveCfg = Debug|Any CPU
		{02AA9312-127E-4575-979C-26C656A89B63}.Debug|x86.Build.0 = Debug|Any CPU
		{02AA9312-127E-4575-979C-26C656A89B63}.Release|Any CPU.ActiveCfg = Release|Any CPU
		{02AA9312-127E-4575-979C-26C656A89B63}.Release|Any CPU.Build.0 = Release|Any CPU
		{02AA9312-127E-4575-979C-26C656A89B63}.Release|x64.ActiveCfg = Release|Any CPU
		{02AA9312-127E-4575-979C-26C656A89B63}.Release|x64.Build.0 = Release|Any CPU
		{02AA9312-127E-4575-979C-26C656A89B63}.Release|x86.ActiveCfg = Release|Any CPU
		{02AA9312-127E-4575-979C-26C656A89B63}.Release|x86.Build.0 = Release|Any CPU
		{D1982029-4DFB-459B-B5D2-F6AD5B308848}.Debug|Any CPU.ActiveCfg = Debug|Any CPU
		{D1982029-4DFB-459B-B5D2-F6AD5B308848}.Debug|Any CPU.Build.0 = Debug|Any CPU
		{D1982029-4DFB-459B-B5D2-F6AD5B308848}.Debug|x64.ActiveCfg = Debug|Any CPU
		{D1982029-4DFB-459B-B5D2-F6AD5B308848}.Debug|x64.Build.0 = Debug|Any CPU
		{D1982029-4DFB-459B-B5D2-F6AD5B308848}.Debug|x86.ActiveCfg = Debug|Any CPU
		{D1982029-4DFB-459B-B5D2-F6AD5B308848}.Debug|x86.Build.0 = Debug|Any CPU
		{D1982029-4DFB-459B-B5D2-F6AD5B308848}.Release|Any CPU.ActiveCfg = Release|Any CPU
		{D1982029-4DFB-459B-B5D2-F6AD5B308848}.Release|Any CPU.Build.0 = Release|Any CPU
		{D1982029-4DFB-459B-B5D2-F6AD5B308848}.Release|x64.ActiveCfg = Release|Any CPU
		{D1982029-4DFB-459B-B5D2-F6AD5B308848}.Release|x64.Build.0 = Release|Any CPU
		{D1982029-4DFB-459B-B5D2-F6AD5B308848}.Release|x86.ActiveCfg = Release|Any CPU
		{D1982029-4DFB-459B-B5D2-F6AD5B308848}.Release|x86.Build.0 = Release|Any CPU
		{97C444E5-7E38-4A02-99B0-8A494A3C9AE6}.Debug|Any CPU.ActiveCfg = Debug|Any CPU
		{97C444E5-7E38-4A02-99B0-8A494A3C9AE6}.Debug|Any CPU.Build.0 = Debug|Any CPU
		{97C444E5-7E38-4A02-99B0-8A494A3C9AE6}.Debug|x64.ActiveCfg = Debug|Any CPU
		{97C444E5-7E38-4A02-99B0-8A494A3C9AE6}.Debug|x64.Build.0 = Debug|Any CPU
		{97C444E5-7E38-4A02-99B0-8A494A3C9AE6}.Debug|x86.ActiveCfg = Debug|Any CPU
		{97C444E5-7E38-4A02-99B0-8A494A3C9AE6}.Debug|x86.Build.0 = Debug|Any CPU
		{97C444E5-7E38-4A02-99B0-8A494A3C9AE6}.Release|Any CPU.ActiveCfg = Release|Any CPU
		{97C444E5-7E38-4A02-99B0-8A494A3C9AE6}.Release|Any CPU.Build.0 = Release|Any CPU
		{97C444E5-7E38-4A02-99B0-8A494A3C9AE6}.Release|x64.ActiveCfg = Release|Any CPU
		{97C444E5-7E38-4A02-99B0-8A494A3C9AE6}.Release|x64.Build.0 = Release|Any CPU
		{97C444E5-7E38-4A02-99B0-8A494A3C9AE6}.Release|x86.ActiveCfg = Release|Any CPU
		{97C444E5-7E38-4A02-99B0-8A494A3C9AE6}.Release|x86.Build.0 = Release|Any CPU
		{FCD69270-3FA3-4963-A019-812D185717DA}.Debug|Any CPU.ActiveCfg = Debug|Any CPU
		{FCD69270-3FA3-4963-A019-812D185717DA}.Debug|Any CPU.Build.0 = Debug|Any CPU
		{FCD69270-3FA3-4963-A019-812D185717DA}.Debug|x64.ActiveCfg = Debug|Any CPU
		{FCD69270-3FA3-4963-A019-812D185717DA}.Debug|x64.Build.0 = Debug|Any CPU
		{FCD69270-3FA3-4963-A019-812D185717DA}.Debug|x86.ActiveCfg = Debug|Any CPU
		{FCD69270-3FA3-4963-A019-812D185717DA}.Debug|x86.Build.0 = Debug|Any CPU
		{FCD69270-3FA3-4963-A019-812D185717DA}.Release|Any CPU.ActiveCfg = Release|Any CPU
		{FCD69270-3FA3-4963-A019-812D185717DA}.Release|Any CPU.Build.0 = Release|Any CPU
		{FCD69270-3FA3-4963-A019-812D185717DA}.Release|x64.ActiveCfg = Release|Any CPU
		{FCD69270-3FA3-4963-A019-812D185717DA}.Release|x64.Build.0 = Release|Any CPU
		{FCD69270-3FA3-4963-A019-812D185717DA}.Release|x86.ActiveCfg = Release|Any CPU
		{FCD69270-3FA3-4963-A019-812D185717DA}.Release|x86.Build.0 = Release|Any CPU
		{71ED0FBF-838E-4E52-B72C-2929E28B5E25}.Debug|Any CPU.ActiveCfg = Debug|Any CPU
		{71ED0FBF-838E-4E52-B72C-2929E28B5E25}.Debug|Any CPU.Build.0 = Debug|Any CPU
		{71ED0FBF-838E-4E52-B72C-2929E28B5E25}.Debug|x64.ActiveCfg = Debug|Any CPU
		{71ED0FBF-838E-4E52-B72C-2929E28B5E25}.Debug|x64.Build.0 = Debug|Any CPU
		{71ED0FBF-838E-4E52-B72C-2929E28B5E25}.Debug|x86.ActiveCfg = Debug|Any CPU
		{71ED0FBF-838E-4E52-B72C-2929E28B5E25}.Debug|x86.Build.0 = Debug|Any CPU
		{71ED0FBF-838E-4E52-B72C-2929E28B5E25}.Release|Any CPU.ActiveCfg = Release|Any CPU
		{71ED0FBF-838E-4E52-B72C-2929E28B5E25}.Release|Any CPU.Build.0 = Release|Any CPU
		{71ED0FBF-838E-4E52-B72C-2929E28B5E25}.Release|x64.ActiveCfg = Release|Any CPU
		{71ED0FBF-838E-4E52-B72C-2929E28B5E25}.Release|x64.Build.0 = Release|Any CPU
		{71ED0FBF-838E-4E52-B72C-2929E28B5E25}.Release|x86.ActiveCfg = Release|Any CPU
		{71ED0FBF-838E-4E52-B72C-2929E28B5E25}.Release|x86.Build.0 = Release|Any CPU
		{CF3C1B22-C2EC-4759-9069-E0C776E34F16}.Debug|Any CPU.ActiveCfg = Debug|Any CPU
		{CF3C1B22-C2EC-4759-9069-E0C776E34F16}.Debug|Any CPU.Build.0 = Debug|Any CPU
		{CF3C1B22-C2EC-4759-9069-E0C776E34F16}.Debug|x64.ActiveCfg = Debug|Any CPU
		{CF3C1B22-C2EC-4759-9069-E0C776E34F16}.Debug|x64.Build.0 = Debug|Any CPU
		{CF3C1B22-C2EC-4759-9069-E0C776E34F16}.Debug|x86.ActiveCfg = Debug|Any CPU
		{CF3C1B22-C2EC-4759-9069-E0C776E34F16}.Debug|x86.Build.0 = Debug|Any CPU
		{CF3C1B22-C2EC-4759-9069-E0C776E34F16}.Release|Any CPU.ActiveCfg = Release|Any CPU
		{CF3C1B22-C2EC-4759-9069-E0C776E34F16}.Release|Any CPU.Build.0 = Release|Any CPU
		{CF3C1B22-C2EC-4759-9069-E0C776E34F16}.Release|x64.ActiveCfg = Release|Any CPU
		{CF3C1B22-C2EC-4759-9069-E0C776E34F16}.Release|x64.Build.0 = Release|Any CPU
		{CF3C1B22-C2EC-4759-9069-E0C776E34F16}.Release|x86.ActiveCfg = Release|Any CPU
		{CF3C1B22-C2EC-4759-9069-E0C776E34F16}.Release|x86.Build.0 = Release|Any CPU
		{0C71DA44-69CD-4C08-A6F0-34B960272C41}.Debug|Any CPU.ActiveCfg = Debug|Any CPU
		{0C71DA44-69CD-4C08-A6F0-34B960272C41}.Debug|Any CPU.Build.0 = Debug|Any CPU
		{0C71DA44-69CD-4C08-A6F0-34B960272C41}.Debug|x64.ActiveCfg = Debug|Any CPU
		{0C71DA44-69CD-4C08-A6F0-34B960272C41}.Debug|x64.Build.0 = Debug|Any CPU
		{0C71DA44-69CD-4C08-A6F0-34B960272C41}.Debug|x86.ActiveCfg = Debug|Any CPU
		{0C71DA44-69CD-4C08-A6F0-34B960272C41}.Debug|x86.Build.0 = Debug|Any CPU
		{0C71DA44-69CD-4C08-A6F0-34B960272C41}.Release|Any CPU.ActiveCfg = Release|Any CPU
		{0C71DA44-69CD-4C08-A6F0-34B960272C41}.Release|Any CPU.Build.0 = Release|Any CPU
		{0C71DA44-69CD-4C08-A6F0-34B960272C41}.Release|x64.ActiveCfg = Release|Any CPU
		{0C71DA44-69CD-4C08-A6F0-34B960272C41}.Release|x64.Build.0 = Release|Any CPU
		{0C71DA44-69CD-4C08-A6F0-34B960272C41}.Release|x86.ActiveCfg = Release|Any CPU
		{0C71DA44-69CD-4C08-A6F0-34B960272C41}.Release|x86.Build.0 = Release|Any CPU
	EndGlobalSection
	GlobalSection(NestedProjects) = preSolution
		{A6916C53-8390-4296-89FE-D48BE0F99B17} = {F079FF39-5426-44C0-BBAF-8BBF44305069}
		{C723CCBB-2D06-43A0-861D-C197A4042DBE} = {A6916C53-8390-4296-89FE-D48BE0F99B17}
		{FFB8028C-A8BA-48C6-95C8-D1C06660326E} = {C723CCBB-2D06-43A0-861D-C197A4042DBE}
		{06BBF2E9-A279-4010-A8EF-9C2C0092ABF8} = {A6916C53-8390-4296-89FE-D48BE0F99B17}
		{02AA9312-127E-4575-979C-26C656A89B63} = {06BBF2E9-A279-4010-A8EF-9C2C0092ABF8}
		{70D42B38-E55A-4F38-88D1-7ADE49541BC3} = {A6916C53-8390-4296-89FE-D48BE0F99B17}
		{D1982029-4DFB-459B-B5D2-F6AD5B308848} = {70D42B38-E55A-4F38-88D1-7ADE49541BC3}
		{65A316AD-0A82-48D1-87E6-E102547DE460} = {A6916C53-8390-4296-89FE-D48BE0F99B17}
		{97C444E5-7E38-4A02-99B0-8A494A3C9AE6} = {65A316AD-0A82-48D1-87E6-E102547DE460}
		{11154177-8A16-4A9E-A584-DBA1ED31BB2E} = {F079FF39-5426-44C0-BBAF-8BBF44305069}
		{4054B237-129C-475F-AD6E-4D096D7BEEA9} = {11154177-8A16-4A9E-A584-DBA1ED31BB2E}
		{FCD69270-3FA3-4963-A019-812D185717DA} = {4054B237-129C-475F-AD6E-4D096D7BEEA9}
		{A5178B2D-59F3-4E97-A07B-933F32483578} = {11154177-8A16-4A9E-A584-DBA1ED31BB2E}
		{71ED0FBF-838E-4E52-B72C-2929E28B5E25} = {A5178B2D-59F3-4E97-A07B-933F32483578}
		{F61B8D27-1600-4C31-B09E-29924FE101C1} = {11154177-8A16-4A9E-A584-DBA1ED31BB2E}
		{CF3C1B22-C2EC-4759-9069-E0C776E34F16} = {F61B8D27-1600-4C31-B09E-29924FE101C1}
		{C98069BE-6866-407E-A1B1-CE6EB9ABA346} = {11154177-8A16-4A9E-A584-DBA1ED31BB2E}
		{0C71DA44-69CD-4C08-A6F0-34B960272C41} = {C98069BE-6866-407E-A1B1-CE6EB9ABA346}
	EndGlobalSection
EndGlobal
